
Microsoft Visual Studio Solution File, Format Version 12.00
# Visual Studio Version 16
VisualStudioVersion = 16.0.30225.117
MinimumVisualStudioVersion = 10.0.40219.1
Project("{FAE04EC0-301F-11D3-BF4B-00C04F79EFBC}") = "AppLoger", "AppLoger\AppLoger.csproj", "{77995B3F-7B16-42D5-9A92-FBA1B91D1D55}"
EndProject
Global
	GlobalSection(SolutionConfigurationPlatforms) = preSolution
		Debug|Any CPU = Debug|Any CPU
		Release|Any CPU = Release|Any CPU
	EndGlobalSection
	GlobalSection(ProjectConfigurationPlatforms) = postSolution
		{77995B3F-7B16-42D5-9A92-FBA1B91D1D55}.Debug|Any CPU.ActiveCfg = Debug|Any CPU
		{77995B3F-7B16-42D5-9A92-FBA1B91D1D55}.Debug|Any CPU.Build.0 = Debug|Any CPU
		{77995B3F-7B16-42D5-9A92-FBA1B91D1D55}.Release|Any CPU.ActiveCfg = Release|Any CPU
		{77995B3F-7B16-42D5-9A92-FBA1B91D1D55}.Release|Any CPU.Build.0 = Release|Any CPU
	EndGlobalSection
	GlobalSection(SolutionProperties) = preSolution
		HideSolutionNode = FALSE
	EndGlobalSection
	GlobalSection(ExtensibilityGlobals) = postSolution
		SolutionGuid = {39573007-385E-4A08-9EB8-ADF4ECD41F08}
	EndGlobalSection
EndGlobal
